{
  "version": 4,
  "terraform_version": "1.14.5",
  "serial": 4,
  "lineage": "e2b7a16f-17f1-f3d3-7de6-1bd9a1109252",
  "outputs": {},
  "resources": [
    {
      "module": "module.preprod_servers[\"app\"]",
      "mode": "managed",
      "type": "vultr_instance",
      "name": "server",
      "provider": "provider[\"registry.terraform.io/vultr/vultr\"]",
      "instances": [
        {
          "schema_version": 0,
          "attributes": {
            "activation_email": null,
            "allowed_bandwidth": 4,
            "app_id": 0,
            "app_variables": null,
            "backups": "disabled",
            "backups_schedule": [],
            "block_devices": [],
            "date_created": "2026-07-22T10:13:12+00:00",
            "ddos_protection": false,
            "default_password": "[6Pda}qA{$%om8{s",
            "disable_public_ipv4": null,
            "disk": 80,
            "enable_ipv6": null,
            "features": [],
            "firewall_group_id": "",
            "gateway_v4": "45.76.90.1",
            "hostname": "vultr.guest",
            "id": "b97a8e81-0952-4462-82c8-5d23b7f815a0",
            "image_id": "",
            "internal_ip": "",
            "ipxe_chain_url": null,
            "iso_id": null,
            "kvm": "https://my.vultr.com/subs/vps/novnc/api.php?data=djJ8RVg2akFVNWdzd2VkNG9Bam50VjhiZ3Qza3hxaFNhSlV8r2oEWpqrv1IyRbSXl_xngf6Y9O6FKCn4g-Ew8x34fzjQitGNZ0JEeVmKl40awsQakVe1j1kFm5cjvSDziCx-O1gx6lDhdgg_t6dGOrgIjwx7m4I-42RcdoeLpIbyarKd7MPKf0ZQd5bq1u749GYfwMqPvM1Rqmq2YrMTlNrsYuMGXm8v0yQMBNhloeiZOuU",
            "label": "kidora-preprod-app",
            "main_ip": "45.76.90.62",
            "netmask_v4": "255.255.254.0",
            "os": "Ubuntu 24.04 LTS x64",
            "os_id": 2284,
            "plan": "vc2-2c-4gb",
            "power_status": "running",
            "ram": 4096,
            "region": "fra",
            "reserved_ip_id": null,
            "script_id": null,
            "server_status": "ok",
            "snapshot_id": "",
            "ssh_key_ids": null,
            "status": "active",
            "tags": null,
            "timeouts": null,
            "user_data": null,
            "user_scheme": "root",
            "v6_main_ip": "",
            "v6_network": "",
            "v6_network_size": 0,
            "vcpu_count": 2,
            "vpc2_ids": null,
            "vpc_ids": [],
            "vpc_only": false
          },
          "sensitive_attributes": [
            [
              {
                "type": "get_attr",
                "value": "default_password"
              }
            ],
            [
              {
                "type": "get_attr",
                "value": "kvm"
              }
            ]
          ],
          "identity_schema_version": 0,
          "private": "eyJlMmJmYjczMC1lY2FhLTExZTYtOGY4OC0zNDM2M2JjN2M0YzAiOnsiY3JlYXRlIjozNjAwMDAwMDAwMDAwLCJ1cGRhdGUiOjM2MDAwMDAwMDAwMDB9fQ=="
        }
      ]
    },
    {
      "module": "module.preprod_servers[\"database\"]",
      "mode": "managed",
      "type": "vultr_instance",
      "name": "server",
      "provider": "provider[\"registry.terraform.io/vultr/vultr\"]",
      "instances": [
        {
          "schema_version": 0,
          "attributes": {
            "activation_email": null,
            "allowed_bandwidth": 4,
            "app_id": 0,
            "app_variables": null,
            "backups": "disabled",
            "backups_schedule": [],
            "block_devices": [],
            "date_created": "2026-07-22T10:13:12+00:00",
            "ddos_protection": false,
            "default_password": "Fi,3cRcjvzfNtjj)",
            "disable_public_ipv4": null,
            "disk": 80,
            "enable_ipv6": null,
            "features": [],
            "firewall_group_id": "",
            "gateway_v4": "199.247.16.1",
            "hostname": "vultr.guest",
            "id": "79d2317a-e27b-4057-9bef-48ee40051855",
            "image_id": "",
            "internal_ip": "",
            "ipxe_chain_url": null,
            "iso_id": null,
            "kvm": "https://my.vultr.com/subs/vps/novnc/api.php?data=djJ8V25kMWFVTG9HM2ZldFEtSkZRcy15bFBleDhsTTFoOXV8WEJSG-TmrEPkXdyrJ60BLJpqwRqB38VyzxRivQ0mf0paDZsXqB7GsLjM3kdjZkKaVZ9Hd6dU89ZjVrMHGhO18s87KCi-ZWgULnVjNLZc55XJS0_TSKDmORwLJvqT31CtZJZmTweqeF9679BplXjEJfLmh9F3SxFia-b492Sw_Q2NgaZ99qvoGW7yhSMj1RFl",
            "label": "kidora-preprod-db",
            "main_ip": "199.247.16.63",
            "netmask_v4": "255.255.254.0",
            "os": "Ubuntu 24.04 LTS x64",
            "os_id": 2284,
            "plan": "vc2-2c-4gb",
            "power_status": "running",
            "ram": 4096,
            "region": "fra",
            "reserved_ip_id": null,
            "script_id": null,
            "server_status": "ok",
            "snapshot_id": "",
            "ssh_key_ids": null,
            "status": "active",
            "tags": null,
            "timeouts": null,
            "user_data": null,
            "user_scheme": "root",
            "v6_main_ip": "",
            "v6_network": "",
            "v6_network_size": 0,
            "vcpu_count": 2,
            "vpc2_ids": null,
            "vpc_ids": [],
            "vpc_only": false
          },
          "sensitive_attributes": [
            [
              {
                "type": "get_attr",
                "value": "default_password"
              }
            ],
            [
              {
                "type": "get_attr",
                "value": "kvm"
              }
            ]
          ],
          "identity_schema_version": 0,
          "private": "eyJlMmJmYjczMC1lY2FhLTExZTYtOGY4OC0zNDM2M2JjN2M0YzAiOnsiY3JlYXRlIjozNjAwMDAwMDAwMDAwLCJ1cGRhdGUiOjM2MDAwMDAwMDAwMDB9fQ=="
        }
      ]
    },
    {
      "module": "module.preprod_servers[\"monitoring\"]",
      "mode": "managed",
      "type": "vultr_instance",
      "name": "server",
      "provider": "provider[\"registry.terraform.io/vultr/vultr\"]",
      "instances": [
        {
          "schema_version": 0,
          "attributes": {
            "activation_email": null,
            "allowed_bandwidth": 4,
            "app_id": 0,
            "app_variables": null,
            "backups": "disabled",
            "backups_schedule": [],
            "block_devices": [],
            "date_created": "2026-07-22T10:13:12+00:00",
            "ddos_protection": false,
            "default_password": "q}H8iX_,.tj!TgfA",
            "disable_public_ipv4": null,
            "disk": 80,
            "enable_ipv6": null,
            "features": [],
            "firewall_group_id": "",
            "gateway_v4": "45.76.88.1",
            "hostname": "vultr.guest",
            "id": "9fc79492-d3e4-46c7-baee-1d02f125dece",
            "image_id": "",
            "internal_ip": "",
            "ipxe_chain_url": null,
            "iso_id": null,
            "kvm": "https://my.vultr.com/subs/vps/novnc/api.php?data=djJ8WnloNG1UdE9FaGJFU2Z5SkF1QVp4VVAxYzdjTmZHc198GoB12ubbBfbZGPIBY2ZYvXx6flZOq1Aetbmin7W_4hgjqn7UXYn1DiCXzFwJSY59rn-tk_gibfy8jXFzfvxB5Itxrv2ybh_HzFLBdQ_YX2Zk8Z93hKVMoICNe5xSZh84tigX2ziosuMiWeJGNmHVFQwAM14hd5JiGsz1CFL7d2dpXi5ExGw2ey9euz1mpnpP",
            "label": "kidora-preprod-monitoring",
            "main_ip": "45.76.89.9",
            "netmask_v4": "255.255.254.0",
            "os": "Ubuntu 24.04 LTS x64",
            "os_id": 2284,
            "plan": "vc2-2c-4gb",
            "power_status": "running",
            "ram": 4096,
            "region": "fra",
            "reserved_ip_id": null,
            "script_id": null,
            "server_status": "ok",
            "snapshot_id": "",
            "ssh_key_ids": null,
            "status": "active",
            "tags": null,
            "timeouts": null,
            "user_data": null,
            "user_scheme": "root",
            "v6_main_ip": "",
            "v6_network": "",
            "v6_network_size": 0,
            "vcpu_count": 2,
            "vpc2_ids": null,
            "vpc_ids": [],
            "vpc_only": false
          },
          "sensitive_attributes": [
            [
              {
                "type": "get_attr",
                "value": "default_password"
              }
            ],
            [
              {
                "type": "get_attr",
                "value": "kvm"
              }
            ]
          ],
          "identity_schema_version": 0,
          "private": "eyJlMmJmYjczMC1lY2FhLTExZTYtOGY4OC0zNDM2M2JjN2M0YzAiOnsiY3JlYXRlIjozNjAwMDAwMDAwMDAwLCJ1cGRhdGUiOjM2MDAwMDAwMDAwMDB9fQ=="
        }
      ]
    }
  ],
  "check_results": null
}
