{
  "version": 4,
  "terraform_version": "1.14.5",
  "serial": 4,
  "lineage": "e83a4498-4ba0-663b-5afd-afc8881dcca7",
  "outputs": {},
  "resources": [
    {
      "module": "module.prod_servers[\"app\"]",
      "mode": "managed",
      "type": "vultr_instance",
      "name": "server",
      "provider": "provider[\"registry.terraform.io/vultr/vultr\"]",
      "instances": [
        {
          "schema_version": 0,
          "attributes": {
            "activation_email": null,
            "allowed_bandwidth": 6,
            "app_id": 0,
            "app_variables": null,
            "backups": "disabled",
            "backups_schedule": [],
            "block_devices": [],
            "date_created": "2026-07-22T10:20:09+00:00",
            "ddos_protection": false,
            "default_password": "cF4[sn7uw5)vT.YG",
            "disable_public_ipv4": null,
            "disk": 160,
            "enable_ipv6": null,
            "features": [],
            "firewall_group_id": "",
            "gateway_v4": "80.240.30.1",
            "hostname": "vultr.guest",
            "id": "5568de24-65be-4f9e-a188-e2fa27639c2a",
            "image_id": "",
            "internal_ip": "",
            "ipxe_chain_url": null,
            "iso_id": null,
            "kvm": "https://my.vultr.com/subs/vps/novnc/api.php?data=djJ8dDZzWERTMERyMC03bnQ0cXU2M1NXbk42R3AtS3F6Nm58V_d214b5dTmkVcqcQGC4HOGiMVpubuqnM2kgeYwIsBtsOF1DNAdpYI4Zge3rBj2OVWHjShDGWTGaPuERJqrE5csZshiK4Ms21wAFqrlYGpewz1fWUWQVOMdBWWPVIvKdSv9z_U1Zpxz9gH6wqW47gWegz7S9Hd_jrDzO1dyfAr6d44bACQdjF3gppGpKjBB_",
            "label": "kidora-prod-app",
            "main_ip": "80.240.30.252",
            "netmask_v4": "255.255.254.0",
            "os": "Ubuntu 24.04 LTS x64",
            "os_id": 2284,
            "plan": "vc2-4c-8gb",
            "power_status": "running",
            "ram": 8192,
            "region": "fra",
            "reserved_ip_id": null,
            "script_id": null,
            "server_status": "ok",
            "snapshot_id": "",
            "ssh_key_ids": null,
            "status": "active",
            "tags": null,
            "timeouts": null,
            "user_data": null,
            "user_scheme": "root",
            "v6_main_ip": "",
            "v6_network": "",
            "v6_network_size": 0,
            "vcpu_count": 4,
            "vpc2_ids": null,
            "vpc_ids": [],
            "vpc_only": false
          },
          "sensitive_attributes": [
            [
              {
                "type": "get_attr",
                "value": "default_password"
              }
            ],
            [
              {
                "type": "get_attr",
                "value": "kvm"
              }
            ]
          ],
          "identity_schema_version": 0,
          "private": "eyJlMmJmYjczMC1lY2FhLTExZTYtOGY4OC0zNDM2M2JjN2M0YzAiOnsiY3JlYXRlIjozNjAwMDAwMDAwMDAwLCJ1cGRhdGUiOjM2MDAwMDAwMDAwMDB9fQ=="
        }
      ]
    },
    {
      "module": "module.prod_servers[\"database\"]",
      "mode": "managed",
      "type": "vultr_instance",
      "name": "server",
      "provider": "provider[\"registry.terraform.io/vultr/vultr\"]",
      "instances": [
        {
          "schema_version": 0,
          "attributes": {
            "activation_email": null,
            "allowed_bandwidth": 6,
            "app_id": 0,
            "app_variables": null,
            "backups": "disabled",
            "backups_schedule": [],
            "block_devices": [],
            "date_created": "2026-07-22T10:20:09+00:00",
            "ddos_protection": false,
            "default_password": "H#4amYAADw!)XXLW",
            "disable_public_ipv4": null,
            "disk": 160,
            "enable_ipv6": null,
            "features": [],
            "firewall_group_id": "",
            "gateway_v4": "192.248.184.1",
            "hostname": "vultr.guest",
            "id": "84397190-69fa-4d67-914e-db832b7db57f",
            "image_id": "",
            "internal_ip": "",
            "ipxe_chain_url": null,
            "iso_id": null,
            "kvm": "https://my.vultr.com/subs/vps/novnc/api.php?data=djJ8S2xOcTh2d1B0WVZFYUFUejhURE0xMFh1TFpCeUtBVlB8Ip4lJ6gyHwPvXRHb4_p0jTmovFu-5AtFXnpvvlzO-9aNus-nsGezZkVyBAjaI_fO3XdR9nIaHpdPwq1-ljy37ddSoYKAr6KVFjaYP5smBkZkbp_NFRqRDB94g5XEIAECG3cMIFnNp6rE90FTh8OYZ7GbfLphAC5H4RoYGyKkFboF0c2Fl7_KME8bbQUTFa8",
            "label": "kidora-prod-db",
            "main_ip": "192.248.184.144",
            "netmask_v4": "255.255.254.0",
            "os": "Ubuntu 24.04 LTS x64",
            "os_id": 2284,
            "plan": "vc2-4c-8gb",
            "power_status": "running",
            "ram": 8192,
            "region": "fra",
            "reserved_ip_id": null,
            "script_id": null,
            "server_status": "ok",
            "snapshot_id": "",
            "ssh_key_ids": null,
            "status": "active",
            "tags": null,
            "timeouts": null,
            "user_data": null,
            "user_scheme": "root",
            "v6_main_ip": "",
            "v6_network": "",
            "v6_network_size": 0,
            "vcpu_count": 4,
            "vpc2_ids": null,
            "vpc_ids": [],
            "vpc_only": false
          },
          "sensitive_attributes": [
            [
              {
                "type": "get_attr",
                "value": "default_password"
              }
            ],
            [
              {
                "type": "get_attr",
                "value": "kvm"
              }
            ]
          ],
          "identity_schema_version": 0,
          "private": "eyJlMmJmYjczMC1lY2FhLTExZTYtOGY4OC0zNDM2M2JjN2M0YzAiOnsiY3JlYXRlIjozNjAwMDAwMDAwMDAwLCJ1cGRhdGUiOjM2MDAwMDAwMDAwMDB9fQ=="
        }
      ]
    },
    {
      "module": "module.prod_servers[\"monitoring\"]",
      "mode": "managed",
      "type": "vultr_instance",
      "name": "server",
      "provider": "provider[\"registry.terraform.io/vultr/vultr\"]",
      "instances": [
        {
          "schema_version": 0,
          "attributes": {
            "activation_email": null,
            "allowed_bandwidth": 6,
            "app_id": 0,
            "app_variables": null,
            "backups": "disabled",
            "backups_schedule": [],
            "block_devices": [],
            "date_created": "2026-07-22T10:20:09+00:00",
            "ddos_protection": false,
            "default_password": "bX5}(QA@AU5{Rby@",
            "disable_public_ipv4": null,
            "disk": 160,
            "enable_ipv6": null,
            "features": [],
            "firewall_group_id": "",
            "gateway_v4": "45.76.86.1",
            "hostname": "vultr.guest",
            "id": "70b28522-0476-429d-8f47-ab9dffa6ff2c",
            "image_id": "",
            "internal_ip": "",
            "ipxe_chain_url": null,
            "iso_id": null,
            "kvm": "https://my.vultr.com/subs/vps/novnc/api.php?data=djJ8X3RtZjF2elhFU3k2MDM5V2h6QXE2ZVlOdGxFVmVKeUN8Vl9s6v2WusF0Y5_3maLTShEMxPCzMX4Kn7nd4d5Mnwhfno-73bP9gpMr7MgPPnrIfArZAkL_VHfxRS1ZA45xkrh7C5Pizdg-mcHL_-5ZrcWbDp5Hl11fZ02PwOaZ2EHMGhvCg2YFWKsWu8qGv2wcSQjnVn--T1kLy8_IfitjLAEE1SqPc_eD0GuGqixbXlRo",
            "label": "kidora-prod-monitoring",
            "main_ip": "45.76.87.52",
            "netmask_v4": "255.255.254.0",
            "os": "Ubuntu 24.04 LTS x64",
            "os_id": 2284,
            "plan": "vc2-4c-8gb",
            "power_status": "running",
            "ram": 8192,
            "region": "fra",
            "reserved_ip_id": null,
            "script_id": null,
            "server_status": "ok",
            "snapshot_id": "",
            "ssh_key_ids": null,
            "status": "active",
            "tags": null,
            "timeouts": null,
            "user_data": null,
            "user_scheme": "root",
            "v6_main_ip": "",
            "v6_network": "",
            "v6_network_size": 0,
            "vcpu_count": 4,
            "vpc2_ids": null,
            "vpc_ids": [],
            "vpc_only": false
          },
          "sensitive_attributes": [
            [
              {
                "type": "get_attr",
                "value": "default_password"
              }
            ],
            [
              {
                "type": "get_attr",
                "value": "kvm"
              }
            ]
          ],
          "identity_schema_version": 0,
          "private": "eyJlMmJmYjczMC1lY2FhLTExZTYtOGY4OC0zNDM2M2JjN2M0YzAiOnsiY3JlYXRlIjozNjAwMDAwMDAwMDAwLCJ1cGRhdGUiOjM2MDAwMDAwMDAwMDB9fQ=="
        }
      ]
    }
  ],
  "check_results": null
}
